{
  "version": 4,
  "terraform_version": "1.6.6",
  "serial": 3,
  "lineage": "c8d471d7-68d0-36fd-f0f6-c9872b699d6e",
  "outputs": {},
  "resources": [
    {
      "mode": "managed",
      "type": "local_file",
      "name": "example",
      "provider": "provider[\"registry.terraform.io/hashicorp/local\"]",
      "instances": [
        {
          "schema_version": 0,
          "attributes": {
            "content": "Hello, Terraform!",
            "content_base64": null,
            "content_base64sha256": "ncWp9Vop606qYn0aIPKuPMIkWRzvO4mgxV9N1jscpf0=",
            "content_base64sha512": "PGmx7i5FR7nzPdG+RGISMuSUYKhuZDyPcbdZJm/HaGM81NLdWuoe3Uc5AALNtsDSIkdQWhjdnSYtfa64UdSk/w==",
            "content_md5": "08a67bbe3ffb550ec09d244035d4dd49",
            "content_sha1": "42086c02e03bf671ddf621ed9922f52f2c7a605c",
            "content_sha256": "9dc5a9f55a29eb4eaa627d1a20f2ae3cc224591cef3b89a0c55f4dd63b1ca5fd",
            "content_sha512": "3c69b1ee2e4547b9f33dd1be44621232e49460a86e643c8f71b759266fc768633cd4d2dd5aea1edd47390002cdb6c0d22247505a18dd9d262d7daeb851d4a4ff",
            "directory_permission": "0777",
            "file_permission": "0777",
            "filename": "./example.txt",
            "id": "42086c02e03bf671ddf621ed9922f52f2c7a605c",
            "sensitive_content": null,
            "source": null
          },
          "sensitive_attributes": []
        }
      ]
    },
    {
      "mode": "managed",
      "type": "local_file",
      "name": "sensitive_file",
      "provider": "provider[\"registry.terraform.io/hashicorp/local\"]",
      "instances": [
        {
          "schema_version": 0,
          "attributes": {
            "content": "Secret Information Here",
            "content_base64": null,
            "content_base64sha256": "awOmjtdyQ1YxBL/lZHoGDAAnRVFA9xH+Cr+rcC2Iy+k=",
            "content_base64sha512": "UfaUGcn2CZ+gNnElyedogRjdGQizFfZo8mefvhSRNvwZiyvWLAmi9L9AEBuLqymTdj2qhVQL1MoxceuiE79U8Q==",
            "content_md5": "f66204633e17e4ae034f0d277a774ffa",
            "content_sha1": "681e990240f68c82814103fd4994ee8bf97b47c8",
            "content_sha256": "6b03a68ed77243563104bfe5647a060c0027455140f711fe0abfab702d88cbe9",
            "content_sha512": "51f69419c9f6099fa0367125c9e7688118dd1908b315f668f2679fbe149136fc198b2bd62c09a2f4bf40101b8bab2993763daa85540bd4ca3171eba213bf54f1",
            "directory_permission": "0777",
            "file_permission": "0777",
            "filename": "./sensitive.txt",
            "id": "681e990240f68c82814103fd4994ee8bf97b47c8",
            "sensitive_content": null,
            "source": null
          },
          "sensitive_attributes": [
            [
              {
                "type": "get_attr",
                "value": "content"
              }
            ]
          ]
        }
      ]
    }
  ],
  "check_results": null
}
